PODS:
  - Capacitor (5.7.0):
    - CapacitorCordova
  - CapacitorCordova (5.7.0)

DEPENDENCIES:
  - "Capacitor (from `../../node_modules/@capacitor/ios`)"
  - "CapacitorCordova (from `../../node_modules/@capacitor/ios`)"

EXTERNAL SOURCES:
  Capacitor:
    :path: "../../node_modules/@capacitor/ios"
  CapacitorCordova:
    :path: "../../node_modules/@capacitor/ios"

SPEC CHECKSUMS:
  Capacitor: fc155ee2ee45a2093d716f13cf5aa5a865e2d85a
  CapacitorCordova: e825fce1a2e14e4b5730641c7e098dccf74397b7

PODFILE CHECKSUM: 8ab55909c5de2b217f9841e5e5b329f5ec901553

COCOAPODS: 1.15.0
